
Microsoft Visual Studio Solution File, Format Version 12.00
# Visual Studio Version 17
VisualStudioVersion = 17.2.32929.388
MinimumVisualStudioVersion = 10.0.40219.1
Project("{FAE04EC0-301F-11D3-BF4B-00C04F79EFBC}") = "HM_1", "HM_1\HM_1.csproj", "{95A55C1A-043E-44DE-B2BC-55374F94255A}"
EndProject
Global
	GlobalSection(SolutionConfigurationPlatforms) = preSolution
		Debug|Any CPU = Debug|Any CPU
		Release|Any CPU = Release|Any CPU
	EndGlobalSection
	GlobalSection(ProjectConfigurationPlatforms) = postSolution
		{95A55C1A-043E-44DE-B2BC-55374F94255A}.Debug|Any CPU.ActiveCfg = Debug|Any CPU
		{95A55C1A-043E-44DE-B2BC-55374F94255A}.Debug|Any CPU.Build.0 = Debug|Any CPU
		{95A55C1A-043E-44DE-B2BC-55374F94255A}.Release|Any CPU.ActiveCfg = Release|Any CPU
		{95A55C1A-043E-44DE-B2BC-55374F94255A}.Release|Any CPU.Build.0 = Release|Any CPU
	EndGlobalSection
	GlobalSection(SolutionProperties) = preSolution
		HideSolutionNode = FALSE
	EndGlobalSection
	GlobalSection(ExtensibilityGlobals) = postSolution
		SolutionGuid = {FF807253-11AE-4D58-886A-7D79140501F5}
	EndGlobalSection
EndGlobal
